
Microsoft Visual Studio Solution File, Format Version 12.00
# Visual Studio Version 17
VisualStudioVersion = 17.2.32616.157
MinimumVisualStudioVersion = 10.0.40219.1
Project("{9A19103F-16F7-4668-BE54-9A1E7A4F7556}") = "PhysicalQuantity", "PhysicalQuantity\PhysicalQuantity.csproj", "{6DB98AA2-E155-47CB-8969-A50855AA9A20}"
EndProject
Project("{9A19103F-16F7-4668-BE54-9A1E7A4F7556}") = "PhysicalQuantityTests", "PhysicalQuantityTests\PhysicalQuantityTests.csproj", "{92C7E671-38BC-4808-9CDF-4AE22BC5215A}"
	ProjectSection(ProjectDependencies) = postProject
		{6DB98AA2-E155-47CB-8969-A50855AA9A20} = {6DB98AA2-E155-47CB-8969-A50855AA9A20}
	EndProjectSection
EndProject
Global
	GlobalSection(SolutionConfigurationPlatforms) = preSolution
		Debug|Any CPU = Debug|Any CPU
		Release|Any CPU = Release|Any CPU
	EndGlobalSection
	GlobalSection(ProjectConfigurationPlatforms) = postSolution
		{6DB98AA2-E155-47CB-8969-A50855AA9A20}.Debug|Any CPU.ActiveCfg = Debug|Any CPU
		{6DB98AA2-E155-47CB-8969-A50855AA9A20}.Debug|Any CPU.Build.0 = Debug|Any CPU
		{6DB98AA2-E155-47CB-8969-A50855AA9A20}.Release|Any CPU.ActiveCfg = Release|Any CPU
		{6DB98AA2-E155-47CB-8969-A50855AA9A20}.Release|Any CPU.Build.0 = Release|Any CPU
		{92C7E671-38BC-4808-9CDF-4AE22BC5215A}.Debug|Any CPU.ActiveCfg = Debug|Any CPU
		{92C7E671-38BC-4808-9CDF-4AE22BC5215A}.Debug|Any CPU.Build.0 = Debug|Any CPU
		{92C7E671-38BC-4808-9CDF-4AE22BC5215A}.Release|Any CPU.ActiveCfg = Release|Any CPU
		{92C7E671-38BC-4808-9CDF-4AE22BC5215A}.Release|Any CPU.Build.0 = Release|Any CPU
	EndGlobalSection
	GlobalSection(SolutionProperties) = preSolution
		HideSolutionNode = FALSE
	EndGlobalSection
	GlobalSection(ExtensibilityGlobals) = postSolution
		SolutionGuid = {C8B0BAA7-5EE1-472C-93BD-3BDBAD1924E2}
	EndGlobalSection
EndGlobal
